
Microsoft Visual Studio Solution File, Format Version 12.00
# Visual Studio Version 17
VisualStudioVersion = 17.8.34322.80
MinimumVisualStudioVersion = 10.0.40219.1
Project("{2150E333-8FDC-42A3-9474-1A3956D46DE8}") = "FrontEnd", "FrontEnd", "{008EF9F3-4CE2-4B75-96C2-908B11D9B8CE}"
EndProject
Project("{2150E333-8FDC-42A3-9474-1A3956D46DE8}") = "Services", "Services", "{FB457456-B830-43E3-AC2A-DBBD80155345}"
EndProject
Project("{9A19103F-16F7-4668-BE54-9A1E7A4F7556}") = "GeekShopping.Web", "GeekShopping.Web\GeekShopping.Web.csproj", "{4069288A-0BE9-45D7-A8C9-34A9E2C52AFD}"
EndProject
Project("{9A19103F-16F7-4668-BE54-9A1E7A4F7556}") = "GeekShopping.ProductAPI", "GeekShopping.ProductAPI\GeekShopping.ProductAPI.csproj", "{693E2A35-1648-4C7B-A90F-FCBD9CBA63AB}"
EndProject
Project("{9A19103F-16F7-4668-BE54-9A1E7A4F7556}") = "GeekShopping.IdentityServer", "GeekShopping.IdentityServer\GeekShopping.IdentityServer.csproj", "{FB9524A3-DA85-403C-84F8-2375B41D7C94}"
EndProject
Project("{9A19103F-16F7-4668-BE54-9A1E7A4F7556}") = "GeekShopping.CartAPI", "GeekShopping.CartAPI\GeekShopping.CartAPI.csproj", "{DEE38EA6-DF68-4CED-A5D6-6ECAC35B7020}"
EndProject
Project("{FAE04EC0-301F-11D3-BF4B-00C04F79EFBC}") = "GeekShopping.CouponAPI", "GeekShopping.CouponAPI\GeekShopping.CouponAPI.csproj", "{D346C43A-850F-450C-AA54-2048C21B9CFB}"
EndProject
Project("{2150E333-8FDC-42A3-9474-1A3956D46DE8}") = "Integration", "Integration", "{BEE77411-C4BD-4DB2-AE83-12C53A2872B1}"
EndProject
Project("{FAE04EC0-301F-11D3-BF4B-00C04F79EFBC}") = "GeekShoppping.MessageBus", "GeekShoppping.MessageBus\GeekShoppping.MessageBus.csproj", "{6B661E10-A9A6-4397-ACF9-1B5EEDC67D9A}"
EndProject
Project("{FAE04EC0-301F-11D3-BF4B-00C04F79EFBC}") = "GeekShopping.OrderAPI", "GeekShopping.OrderAPI\GeekShopping.OrderAPI.csproj", "{1DB3A357-A9F2-47F1-832D-072EF3B5FBF1}"
EndProject
Project("{2150E333-8FDC-42A3-9474-1A3956D46DE8}") = "Payment", "Payment", "{E0F3E0EC-7CFD-428D-8ACA-7B341A67788D}"
EndProject
Project("{FAE04EC0-301F-11D3-BF4B-00C04F79EFBC}") = "GeekShopping.PaymentProcessor", "GeekShopping.PaymentProcessor\GeekShopping.PaymentProcessor.csproj", "{449901C5-614A-4DAD-A5C6-DADC19E494F6}"
EndProject
Project("{FAE04EC0-301F-11D3-BF4B-00C04F79EFBC}") = "GeekShopping.PaymentAPI", "GeekShopping.PaymentAPI\GeekShopping.PaymentAPI.csproj", "{972EF3E3-7F87-476C-934B-9FBBCEE0F9B0}"
EndProject
Global
	GlobalSection(SolutionConfigurationPlatforms) = preSolution
		Debug|Any CPU = Debug|Any CPU
		Release|Any CPU = Release|Any CPU
	EndGlobalSection
	GlobalSection(ProjectConfigurationPlatforms) = postSolution
		{4069288A-0BE9-45D7-A8C9-34A9E2C52AFD}.Debug|Any CPU.ActiveCfg = Debug|Any CPU
		{4069288A-0BE9-45D7-A8C9-34A9E2C52AFD}.Debug|Any CPU.Build.0 = Debug|Any CPU
		{4069288A-0BE9-45D7-A8C9-34A9E2C52AFD}.Release|Any CPU.ActiveCfg = Release|Any CPU
		{4069288A-0BE9-45D7-A8C9-34A9E2C52AFD}.Release|Any CPU.Build.0 = Release|Any CPU
		{693E2A35-1648-4C7B-A90F-FCBD9CBA63AB}.Debug|Any CPU.ActiveCfg = Debug|Any CPU
		{693E2A35-1648-4C7B-A90F-FCBD9CBA63AB}.Debug|Any CPU.Build.0 = Debug|Any CPU
		{693E2A35-1648-4C7B-A90F-FCBD9CBA63AB}.Release|Any CPU.ActiveCfg = Release|Any CPU
		{693E2A35-1648-4C7B-A90F-FCBD9CBA63AB}.Release|Any CPU.Build.0 = Release|Any CPU
		{FB9524A3-DA85-403C-84F8-2375B41D7C94}.Debug|Any CPU.ActiveCfg = Debug|Any CPU
		{FB9524A3-DA85-403C-84F8-2375B41D7C94}.Debug|Any CPU.Build.0 = Debug|Any CPU
		{FB9524A3-DA85-403C-84F8-2375B41D7C94}.Release|Any CPU.ActiveCfg = Release|Any CPU
		{FB9524A3-DA85-403C-84F8-2375B41D7C94}.Release|Any CPU.Build.0 = Release|Any CPU
		{DEE38EA6-DF68-4CED-A5D6-6ECAC35B7020}.Debug|Any CPU.ActiveCfg = Debug|Any CPU
		{DEE38EA6-DF68-4CED-A5D6-6ECAC35B7020}.Debug|Any CPU.Build.0 = Debug|Any CPU
		{DEE38EA6-DF68-4CED-A5D6-6ECAC35B7020}.Release|Any CPU.ActiveCfg = Release|Any CPU
		{DEE38EA6-DF68-4CED-A5D6-6ECAC35B7020}.Release|Any CPU.Build.0 = Release|Any CPU
		{D346C43A-850F-450C-AA54-2048C21B9CFB}.Debug|Any CPU.ActiveCfg = Debug|Any CPU
		{D346C43A-850F-450C-AA54-2048C21B9CFB}.Debug|Any CPU.Build.0 = Debug|Any CPU
		{D346C43A-850F-450C-AA54-2048C21B9CFB}.Release|Any CPU.ActiveCfg = Release|Any CPU
		{D346C43A-850F-450C-AA54-2048C21B9CFB}.Release|Any CPU.Build.0 = Release|Any CPU
		{6B661E10-A9A6-4397-ACF9-1B5EEDC67D9A}.Debug|Any CPU.ActiveCfg = Debug|Any CPU
		{6B661E10-A9A6-4397-ACF9-1B5EEDC67D9A}.Debug|Any CPU.Build.0 = Debug|Any CPU
		{6B661E10-A9A6-4397-ACF9-1B5EEDC67D9A}.Release|Any CPU.ActiveCfg = Release|Any CPU
		{6B661E10-A9A6-4397-ACF9-1B5EEDC67D9A}.Release|Any CPU.Build.0 = Release|Any CPU
		{1DB3A357-A9F2-47F1-832D-072EF3B5FBF1}.Debug|Any CPU.ActiveCfg = Debug|Any CPU
		{1DB3A357-A9F2-47F1-832D-072EF3B5FBF1}.Debug|Any CPU.Build.0 = Debug|Any CPU
		{1DB3A357-A9F2-47F1-832D-072EF3B5FBF1}.Release|Any CPU.ActiveCfg = Release|Any CPU
		{1DB3A357-A9F2-47F1-832D-072EF3B5FBF1}.Release|Any CPU.Build.0 = Release|Any CPU
		{449901C5-614A-4DAD-A5C6-DADC19E494F6}.Debug|Any CPU.ActiveCfg = Debug|Any CPU
		{449901C5-614A-4DAD-A5C6-DADC19E494F6}.Debug|Any CPU.Build.0 = Debug|Any CPU
		{449901C5-614A-4DAD-A5C6-DADC19E494F6}.Release|Any CPU.ActiveCfg = Release|Any CPU
		{449901C5-614A-4DAD-A5C6-DADC19E494F6}.Release|Any CPU.Build.0 = Release|Any CPU
		{972EF3E3-7F87-476C-934B-9FBBCEE0F9B0}.Debug|Any CPU.ActiveCfg = Debug|Any CPU
		{972EF3E3-7F87-476C-934B-9FBBCEE0F9B0}.Debug|Any CPU.Build.0 = Debug|Any CPU
		{972EF3E3-7F87-476C-934B-9FBBCEE0F9B0}.Release|Any CPU.ActiveCfg = Release|Any CPU
		{972EF3E3-7F87-476C-934B-9FBBCEE0F9B0}.Release|Any CPU.Build.0 = Release|Any CPU
	EndGlobalSection
	GlobalSection(SolutionProperties) = preSolution
		HideSolutionNode = FALSE
	EndGlobalSection
	GlobalSection(NestedProjects) = preSolution
		{4069288A-0BE9-45D7-A8C9-34A9E2C52AFD} = {008EF9F3-4CE2-4B75-96C2-908B11D9B8CE}
		{693E2A35-1648-4C7B-A90F-FCBD9CBA63AB} = {FB457456-B830-43E3-AC2A-DBBD80155345}
		{FB9524A3-DA85-403C-84F8-2375B41D7C94} = {FB457456-B830-43E3-AC2A-DBBD80155345}
		{DEE38EA6-DF68-4CED-A5D6-6ECAC35B7020} = {FB457456-B830-43E3-AC2A-DBBD80155345}
		{D346C43A-850F-450C-AA54-2048C21B9CFB} = {FB457456-B830-43E3-AC2A-DBBD80155345}
		{6B661E10-A9A6-4397-ACF9-1B5EEDC67D9A} = {BEE77411-C4BD-4DB2-AE83-12C53A2872B1}
		{1DB3A357-A9F2-47F1-832D-072EF3B5FBF1} = {FB457456-B830-43E3-AC2A-DBBD80155345}
		{449901C5-614A-4DAD-A5C6-DADC19E494F6} = {E0F3E0EC-7CFD-428D-8ACA-7B341A67788D}
		{972EF3E3-7F87-476C-934B-9FBBCEE0F9B0} = {FB457456-B830-43E3-AC2A-DBBD80155345}
	EndGlobalSection
	GlobalSection(ExtensibilityGlobals) = postSolution
		SolutionGuid = {094C8F85-F5E0-4E17-A9D6-6D3B156B5A39}
	EndGlobalSection
EndGlobal
